
Microsoft Visual Studio Solution File, Format Version 12.00
# Visual Studio Version 16
VisualStudioVersion = 16.0.30011.22
MinimumVisualStudioVersion = 10.0.40219.1
Project("{9A19103F-16F7-4668-BE54-9A1E7A4F7556}") = "BlazorGame.Server", "BlazorGame\Server\BlazorGame.Server.csproj", "{C7A7DE13-21C1-45D7-8231-12AB237E2BFE}"
EndProject
Project("{9A19103F-16F7-4668-BE54-9A1E7A4F7556}") = "BlazorGame.Client", "BlazorGame\Client\BlazorGame.Client.csproj", "{CBB6E1E4-072E-4A3A-A23F-616351ED41F4}"
EndProject
Project("{9A19103F-16F7-4668-BE54-9A1E7A4F7556}") = "BlazorGame.Data.Models", "BlazorGame\Shared\BlazorGame.Data.Models.csproj", "{2FEB6F7E-FDE1-4D57-B1C6-ED49195BB3CF}"
EndProject
Project("{9A19103F-16F7-4668-BE54-9A1E7A4F7556}") = "BlazorGame.Data", "BlazorGame\BlazorGame.Data\BlazorGame.Data.csproj", "{8327048D-C509-4408-9BF1-B159BFFA0EF7}"
EndProject
Global
	GlobalSection(SolutionConfigurationPlatforms) = preSolution
		Debug|Any CPU = Debug|Any CPU
		Release|Any CPU = Release|Any CPU
	EndGlobalSection
	GlobalSection(ProjectConfigurationPlatforms) = postSolution
		{C7A7DE13-21C1-45D7-8231-12AB237E2BFE}.Debug|Any CPU.ActiveCfg = Debug|Any CPU
		{C7A7DE13-21C1-45D7-8231-12AB237E2BFE}.Debug|Any CPU.Build.0 = Debug|Any CPU
		{C7A7DE13-21C1-45D7-8231-12AB237E2BFE}.Release|Any CPU.ActiveCfg = Release|Any CPU
		{C7A7DE13-21C1-45D7-8231-12AB237E2BFE}.Release|Any CPU.Build.0 = Release|Any CPU
		{CBB6E1E4-072E-4A3A-A23F-616351ED41F4}.Debug|Any CPU.ActiveCfg = Debug|Any CPU
		{CBB6E1E4-072E-4A3A-A23F-616351ED41F4}.Debug|Any CPU.Build.0 = Debug|Any CPU
		{CBB6E1E4-072E-4A3A-A23F-616351ED41F4}.Release|Any CPU.ActiveCfg = Release|Any CPU
		{CBB6E1E4-072E-4A3A-A23F-616351ED41F4}.Release|Any CPU.Build.0 = Release|Any CPU
		{2FEB6F7E-FDE1-4D57-B1C6-ED49195BB3CF}.Debug|Any CPU.ActiveCfg = Debug|Any CPU
		{2FEB6F7E-FDE1-4D57-B1C6-ED49195BB3CF}.Debug|Any CPU.Build.0 = Debug|Any CPU
		{2FEB6F7E-FDE1-4D57-B1C6-ED49195BB3CF}.Release|Any CPU.ActiveCfg = Release|Any CPU
		{2FEB6F7E-FDE1-4D57-B1C6-ED49195BB3CF}.Release|Any CPU.Build.0 = Release|Any CPU
		{8327048D-C509-4408-9BF1-B159BFFA0EF7}.Debug|Any CPU.ActiveCfg = Debug|Any CPU
		{8327048D-C509-4408-9BF1-B159BFFA0EF7}.Debug|Any CPU.Build.0 = Debug|Any CPU
		{8327048D-C509-4408-9BF1-B159BFFA0EF7}.Release|Any CPU.ActiveCfg = Release|Any CPU
		{8327048D-C509-4408-9BF1-B159BFFA0EF7}.Release|Any CPU.Build.0 = Release|Any CPU
	EndGlobalSection
	GlobalSection(SolutionProperties) = preSolution
		HideSolutionNode = FALSE
	EndGlobalSection
	GlobalSection(ExtensibilityGlobals) = postSolution
		SolutionGuid = {98C5A728-7A1E-453F-8543-66B682A108F6}
	EndGlobalSection
EndGlobal
